
Microsoft Visual Studio Solution File, Format Version 12.00
# Visual Studio Version 16
VisualStudioVersion = 16.0.31129.286
MinimumVisualStudioVersion = 10.0.40219.1
Project("{FAE04EC0-301F-11D3-BF4B-00C04F79EFBC}") = "ZoraidaDesigns", "ZoraidaDesigns.csproj", "{2588023A-54D9-4C21-8B3E-1848AB118307}"
EndProject
Global
	GlobalSection(SolutionConfigurationPlatforms) = preSolution
		Debug|Any CPU = Debug|Any CPU
		Release|Any CPU = Release|Any CPU
	EndGlobalSection
	GlobalSection(ProjectConfigurationPlatforms) = postSolution
		{2588023A-54D9-4C21-8B3E-1848AB118307}.Debug|Any CPU.ActiveCfg = Debug|Any CPU
		{2588023A-54D9-4C21-8B3E-1848AB118307}.Debug|Any CPU.Build.0 = Debug|Any CPU
		{2588023A-54D9-4C21-8B3E-1848AB118307}.Release|Any CPU.ActiveCfg = Release|Any CPU
		{2588023A-54D9-4C21-8B3E-1848AB118307}.Release|Any CPU.Build.0 = Release|Any CPU
	EndGlobalSection
	GlobalSection(SolutionProperties) = preSolution
		HideSolutionNode = FALSE
	EndGlobalSection
	GlobalSection(ExtensibilityGlobals) = postSolution
		SolutionGuid = {1B81582D-5214-4D02-9F2C-6BA6F6BCC64D}
	EndGlobalSection
EndGlobal
